{
  "name": "vuejs",
  "version": "1.0.0",
  "lockfileVersion": 1,
  "requires": true,
  "dependencies": {
    "popper.js": {
      "version": "1.16.1",
      "resolved": "https://registry.npmjs.org/popper.js/-/popper.js-1.16.1.tgz",
      "integrity": "sha512-Wb4p1J4zyFTbM+u6WuO4XstYx4Ky9Cewe4DWrel7B0w6VVICvPwdOpotjzcf6eD8TsckVnIMNONQyPIUFOUbCQ=="
    },
    "tippy.js": {
      "version": "4.3.5",
      "resolved": "https://registry.npmjs.org/tippy.js/-/tippy.js-4.3.5.tgz",
      "integrity": "sha512-NDq3efte8nGK6BOJ1dDN1/WelAwfmh3UtIYXXck6+SxLzbIQNZE/cmRSnwScZ/FyiKdIcvFHvYUgqmoGx8CcyA==",
      "requires": {
        "popper.js": "^1.14.7"
      }
    },
    "vue-navigation-bar": {
      "version": "2.0.0",
      "resolved": "https://registry.npmjs.org/vue-navigation-bar/-/vue-navigation-bar-2.0.0.tgz",
      "integrity": "sha512-8/2YVdmUngbcslxhpPhI1p4/G+iN6exf5oPaG3pOdJulTAXNXgELMUXG16LnZF5qjMvcm99FHVSIsahtrOVbNQ==",
      "requires": {
        "tippy.js": "^4.2.0",
        "vue-screen-size": "^1.0.0",
        "vue2-transitions": "^0.3.0"
      }
    },
    "vue-screen-size": {
      "version": "1.0.0",
      "resolved": "https://registry.npmjs.org/vue-screen-size/-/vue-screen-size-1.0.0.tgz",
      "integrity": "sha512-CtLKUuKzT0MQ1iAbnA1ouONc6hwbwlCq5INiIwsYhXxMm6+sISIZAaW/JVraqddLxz8/QonZVTqKVARX1oCiWg=="
    },
    "vue2-transitions": {
      "version": "0.3.0",
      "resolved": "https://registry.npmjs.org/vue2-transitions/-/vue2-transitions-0.3.0.tgz",
      "integrity": "sha512-m1ad8K8kufqiEhj5gXHkkqOioI5sW0FaMbRiO0Tv2WFfGbO2eIKrfkFiO3HPQtMJboimaLCN4p/zL81clLbG4w=="
    }
  }
}
